
Microsoft Visual Studio Solution File, Format Version 12.00
# Visual Studio Version 16
VisualStudioVersion = 16.0.29509.3
MinimumVisualStudioVersion = 10.0.40219.1
Project("{9A19103F-16F7-4668-BE54-9A1E7A4F7556}") = "Eyes.Selenium.DotNet", "Eyes.Selenium.DotNet\Eyes.Selenium.DotNet.csproj", "{A5774D03-04CF-422F-B0AF-D479797AC62B}"
EndProject
Project("{2150E333-8FDC-42A3-9474-1A3956D46DE8}") = "Tests", "Tests", "{233F520B-DF1A-4A89-9267-8EA90D313D06}"
EndProject
Project("{2150E333-8FDC-42A3-9474-1A3956D46DE8}") = "Solution Items", "Solution Items", "{65FEE257-99C5-4D2B-A6DF-8726ADEFCE25}"
	ProjectSection(SolutionItems) = preProject
		.travis.yml = .travis.yml
		applitools_nuget_icon.png = applitools_nuget_icon.png
		applitools_nuget_icon.svg = applitools_nuget_icon.svg
		buildProjects.sh = buildProjects.sh
		CHANGELOG.md = CHANGELOG.md
		deploy.sh = deploy.sh
		.github\workflows\dotnet-tests.yml = .github\workflows\dotnet-tests.yml
		extractChangeLog.sh = extractChangeLog.sh
		genericSelenium4.sh = genericSelenium4.sh
		genericTests.sh = genericTests.sh
		har_dump.py = har_dump.py
		initChromeDriver.sh = initChromeDriver.sh
		initGeckoDriver.sh = initGeckoDriver.sh
		LICENSE.txt = LICENSE.txt
		loopChangeLog.sh = loopChangeLog.sh
		README.md = README.md
		reportTestResult.sh = reportTestResult.sh
		sendFullCoverageReport.sh = sendFullCoverageReport.sh
		sendMail.sh = sendMail.sh
		setup_proxy.sh = setup_proxy.sh
		testCoverageGap.txt = testCoverageGap.txt
		updateChangelogAndProjectFiles.py = updateChangelogAndProjectFiles.py
		upload_to_azure.sh = upload_to_azure.sh
	EndProjectSection
EndProject
Project("{9A19103F-16F7-4668-BE54-9A1E7A4F7556}") = "Eyes.Appium.DotNet", "Eyes.Appium.DotNet\Eyes.Appium.DotNet.csproj", "{10C96A1A-E5F1-4BDC-A1B4-0C023BBB22DC}"
EndProject
Project("{9A19103F-16F7-4668-BE54-9A1E7A4F7556}") = "Test.Eyes.Appium.DotNet", "Tests\Test.Eyes.Appium.DotNet\Test.Eyes.Appium.DotNet.csproj", "{E86A0400-B6CF-401F-B16F-DD99A3833B0F}"
EndProject
Project("{9A19103F-16F7-4668-BE54-9A1E7A4F7556}") = "Tests.Eyes.Selenium.Generated", "coverage-tests\test\Selenium\Tests.Eyes.Selenium.Generated.csproj", "{6579C3E1-0FAE-4D1F-847B-61E0F14BD81A}"
EndProject
Project("{9A19103F-16F7-4668-BE54-9A1E7A4F7556}") = "Tests.Eyes.Appium.Generated", "coverage-tests\test\Appium\Tests.Eyes.Appium.Generated.csproj", "{B1990708-3C60-42B6-A7DD-F47810B1D0B3}"
EndProject
Project("{2150E333-8FDC-42A3-9474-1A3956D46DE8}") = "coverage-tests", "coverage-tests", "{13C182C9-852E-4320-9D41-D10DC92F2DF8}"
	ProjectSection(SolutionItems) = preProject
		coverage-tests\package-lock.json = coverage-tests\package-lock.json
		coverage-tests\package.json = coverage-tests\package.json
	EndProjectSection
EndProject
Project("{2150E333-8FDC-42A3-9474-1A3956D46DE8}") = "configuration", "configuration", "{6F0429F3-5C65-4C4D-84C2-7498F1DD2B28}"
	ProjectSection(SolutionItems) = preProject
		coverage-tests\configuration\index.js = coverage-tests\configuration\index.js
		coverage-tests\configuration\overrides.js = coverage-tests\configuration\overrides.js
	EndProjectSection
EndProject
Project("{9A19103F-16F7-4668-BE54-9A1E7A4F7556}") = "Eyes.Selenium4.DotNet", "Eyes.Selenium4.DotNet\Eyes.Selenium4.DotNet.csproj", "{73D94EFC-1F58-454E-9CEE-0632429E62FE}"
EndProject
Project("{9A19103F-16F7-4668-BE54-9A1E7A4F7556}") = "Tests.Eyes.Selenium4.Generated", "coverage-tests\test\Selenium\Tests.Eyes.Selenium4.Generated.csproj", "{7387452E-31E6-44BD-A4A3-A81585FDF149}"
EndProject
Project("{9A19103F-16F7-4668-BE54-9A1E7A4F7556}") = "Eyes.Selenium.E2ETests", "Tests\Eyes.Selenium.E2ETests\Eyes.Selenium.E2ETests.csproj", "{FB82C15F-5702-4C21-8A45-447E7C6179AC}"
EndProject
Project("{9A19103F-16F7-4668-BE54-9A1E7A4F7556}") = "Eyes.Selenium.UnitTests", "Tests\Eyes.Selenium.UnitTests\Eyes.Selenium.UnitTests.csproj", "{F50AFD70-EEAF-4605-A29E-40BCAAF2E1E8}"
EndProject
Project("{9A19103F-16F7-4668-BE54-9A1E7A4F7556}") = "Eyes.Appium.UnitTests", "Tests\Eyes.Appium.UnitTests\Eyes.Appium.UnitTests.csproj", "{F94DEEFE-84EB-450D-B2E1-3D836274FA5D}"
EndProject
Project("{9A19103F-16F7-4668-BE54-9A1E7A4F7556}") = "Eyes.Appium.E2ETests", "Tests\Eyes.Appium.E2ETests\Eyes.Appium.E2ETests.csproj", "{3676B3CA-2927-484F-924A-3DFAA2FEAC6A}"
EndProject
Project("{9A19103F-16F7-4668-BE54-9A1E7A4F7556}") = "Eyes.Selenium.xUnitTests", "Tests\Eyes.Selenium.xUnitTests\Eyes.Selenium.xUnitTests.csproj", "{7C128703-CEE6-4386-BCE8-48150A761DE1}"
EndProject
Project("{9A19103F-16F7-4668-BE54-9A1E7A4F7556}") = "Eyes.Images.DotNet", "Eyes.Images.DotNet\Eyes.Images.DotNet.csproj", "{8150C9ED-551D-4406-A34B-84930712E94B}"
EndProject
Project("{9A19103F-16F7-4668-BE54-9A1E7A4F7556}") = "Eyes.Images.E2ETests", "Tests\Eyes.Images.E2ETests\Eyes.Images.E2ETests.csproj", "{B5EC3AC3-14B5-43A2-9D31-B59179896506}"
EndProject
Project("{FAE04EC0-301F-11D3-BF4B-00C04F79EFBC}") = "Eyes.Images.Core.E2ETests", "Tests\Eyes.Images.Core.E2ETests\Eyes.Images.Core.E2ETests.csproj", "{D941004F-762B-4927-B1A0-3BAF7F1B93B8}"
EndProject
Project("{9A19103F-16F7-4668-BE54-9A1E7A4F7556}") = "Eyes.Image.Core.DotNet", "Eyes.Image.Core.DotNet\Eyes.Image.Core.DotNet.csproj", "{D3BCBDFB-2CCE-4AFB-B4CA-60CE1A5A3AB2}"
EndProject
Global
	GlobalSection(SolutionConfigurationPlatforms) = preSolution
		Debug|Any CPU = Debug|Any CPU
		Release|Any CPU = Release|Any CPU
	EndGlobalSection
	GlobalSection(ProjectConfigurationPlatforms) = postSolution
		{A5774D03-04CF-422F-B0AF-D479797AC62B}.Debug|Any CPU.ActiveCfg = Debug|Any CPU
		{A5774D03-04CF-422F-B0AF-D479797AC62B}.Debug|Any CPU.Build.0 = Debug|Any CPU
		{A5774D03-04CF-422F-B0AF-D479797AC62B}.Release|Any CPU.ActiveCfg = Release|Any CPU
		{A5774D03-04CF-422F-B0AF-D479797AC62B}.Release|Any CPU.Build.0 = Release|Any CPU
		{10C96A1A-E5F1-4BDC-A1B4-0C023BBB22DC}.Debug|Any CPU.ActiveCfg = Debug|Any CPU
		{10C96A1A-E5F1-4BDC-A1B4-0C023BBB22DC}.Debug|Any CPU.Build.0 = Debug|Any CPU
		{10C96A1A-E5F1-4BDC-A1B4-0C023BBB22DC}.Release|Any CPU.ActiveCfg = Release|Any CPU
		{10C96A1A-E5F1-4BDC-A1B4-0C023BBB22DC}.Release|Any CPU.Build.0 = Release|Any CPU
		{E86A0400-B6CF-401F-B16F-DD99A3833B0F}.Debug|Any CPU.ActiveCfg = Debug|Any CPU
		{E86A0400-B6CF-401F-B16F-DD99A3833B0F}.Debug|Any CPU.Build.0 = Debug|Any CPU
		{E86A0400-B6CF-401F-B16F-DD99A3833B0F}.Release|Any CPU.ActiveCfg = Release|Any CPU
		{E86A0400-B6CF-401F-B16F-DD99A3833B0F}.Release|Any CPU.Build.0 = Release|Any CPU
		{6579C3E1-0FAE-4D1F-847B-61E0F14BD81A}.Debug|Any CPU.ActiveCfg = Debug|Any CPU
		{6579C3E1-0FAE-4D1F-847B-61E0F14BD81A}.Debug|Any CPU.Build.0 = Debug|Any CPU
		{6579C3E1-0FAE-4D1F-847B-61E0F14BD81A}.Release|Any CPU.ActiveCfg = Release|Any CPU
		{6579C3E1-0FAE-4D1F-847B-61E0F14BD81A}.Release|Any CPU.Build.0 = Release|Any CPU
		{B1990708-3C60-42B6-A7DD-F47810B1D0B3}.Debug|Any CPU.ActiveCfg = Debug|Any CPU
		{B1990708-3C60-42B6-A7DD-F47810B1D0B3}.Debug|Any CPU.Build.0 = Debug|Any CPU
		{B1990708-3C60-42B6-A7DD-F47810B1D0B3}.Release|Any CPU.ActiveCfg = Release|Any CPU
		{B1990708-3C60-42B6-A7DD-F47810B1D0B3}.Release|Any CPU.Build.0 = Release|Any CPU
		{73D94EFC-1F58-454E-9CEE-0632429E62FE}.Debug|Any CPU.ActiveCfg = Debug|Any CPU
		{73D94EFC-1F58-454E-9CEE-0632429E62FE}.Debug|Any CPU.Build.0 = Debug|Any CPU
		{73D94EFC-1F58-454E-9CEE-0632429E62FE}.Release|Any CPU.ActiveCfg = Release|Any CPU
		{73D94EFC-1F58-454E-9CEE-0632429E62FE}.Release|Any CPU.Build.0 = Release|Any CPU
		{7387452E-31E6-44BD-A4A3-A81585FDF149}.Debug|Any CPU.ActiveCfg = Debug|Any CPU
		{7387452E-31E6-44BD-A4A3-A81585FDF149}.Debug|Any CPU.Build.0 = Debug|Any CPU
		{7387452E-31E6-44BD-A4A3-A81585FDF149}.Release|Any CPU.ActiveCfg = Release|Any CPU
		{7387452E-31E6-44BD-A4A3-A81585FDF149}.Release|Any CPU.Build.0 = Release|Any CPU
		{FB82C15F-5702-4C21-8A45-447E7C6179AC}.Debug|Any CPU.ActiveCfg = Debug|Any CPU
		{FB82C15F-5702-4C21-8A45-447E7C6179AC}.Debug|Any CPU.Build.0 = Debug|Any CPU
		{FB82C15F-5702-4C21-8A45-447E7C6179AC}.Release|Any CPU.ActiveCfg = Release|Any CPU
		{FB82C15F-5702-4C21-8A45-447E7C6179AC}.Release|Any CPU.Build.0 = Release|Any CPU
		{F50AFD70-EEAF-4605-A29E-40BCAAF2E1E8}.Debug|Any CPU.ActiveCfg = Debug|Any CPU
		{F50AFD70-EEAF-4605-A29E-40BCAAF2E1E8}.Debug|Any CPU.Build.0 = Debug|Any CPU
		{F50AFD70-EEAF-4605-A29E-40BCAAF2E1E8}.Release|Any CPU.ActiveCfg = Release|Any CPU
		{F50AFD70-EEAF-4605-A29E-40BCAAF2E1E8}.Release|Any CPU.Build.0 = Release|Any CPU
		{F94DEEFE-84EB-450D-B2E1-3D836274FA5D}.Debug|Any CPU.ActiveCfg = Debug|Any CPU
		{F94DEEFE-84EB-450D-B2E1-3D836274FA5D}.Debug|Any CPU.Build.0 = Debug|Any CPU
		{F94DEEFE-84EB-450D-B2E1-3D836274FA5D}.Release|Any CPU.ActiveCfg = Release|Any CPU
		{F94DEEFE-84EB-450D-B2E1-3D836274FA5D}.Release|Any CPU.Build.0 = Release|Any CPU
		{3676B3CA-2927-484F-924A-3DFAA2FEAC6A}.Debug|Any CPU.ActiveCfg = Debug|Any CPU
		{3676B3CA-2927-484F-924A-3DFAA2FEAC6A}.Debug|Any CPU.Build.0 = Debug|Any CPU
		{3676B3CA-2927-484F-924A-3DFAA2FEAC6A}.Release|Any CPU.ActiveCfg = Release|Any CPU
		{3676B3CA-2927-484F-924A-3DFAA2FEAC6A}.Release|Any CPU.Build.0 = Release|Any CPU
		{7C128703-CEE6-4386-BCE8-48150A761DE1}.Debug|Any CPU.ActiveCfg = Debug|Any CPU
		{7C128703-CEE6-4386-BCE8-48150A761DE1}.Debug|Any CPU.Build.0 = Debug|Any CPU
		{7C128703-CEE6-4386-BCE8-48150A761DE1}.Release|Any CPU.ActiveCfg = Release|Any CPU
		{7C128703-CEE6-4386-BCE8-48150A761DE1}.Release|Any CPU.Build.0 = Release|Any CPU
		{8150C9ED-551D-4406-A34B-84930712E94B}.Debug|Any CPU.ActiveCfg = Debug|Any CPU
		{8150C9ED-551D-4406-A34B-84930712E94B}.Debug|Any CPU.Build.0 = Debug|Any CPU
		{8150C9ED-551D-4406-A34B-84930712E94B}.Release|Any CPU.ActiveCfg = Release|Any CPU
		{8150C9ED-551D-4406-A34B-84930712E94B}.Release|Any CPU.Build.0 = Release|Any CPU
		{B5EC3AC3-14B5-43A2-9D31-B59179896506}.Debug|Any CPU.ActiveCfg = Debug|Any CPU
		{B5EC3AC3-14B5-43A2-9D31-B59179896506}.Debug|Any CPU.Build.0 = Debug|Any CPU
		{B5EC3AC3-14B5-43A2-9D31-B59179896506}.Release|Any CPU.ActiveCfg = Release|Any CPU
		{B5EC3AC3-14B5-43A2-9D31-B59179896506}.Release|Any CPU.Build.0 = Release|Any CPU
		{D941004F-762B-4927-B1A0-3BAF7F1B93B8}.Debug|Any CPU.ActiveCfg = Debug|Any CPU
		{D941004F-762B-4927-B1A0-3BAF7F1B93B8}.Debug|Any CPU.Build.0 = Debug|Any CPU
		{D941004F-762B-4927-B1A0-3BAF7F1B93B8}.Release|Any CPU.ActiveCfg = Release|Any CPU
		{D941004F-762B-4927-B1A0-3BAF7F1B93B8}.Release|Any CPU.Build.0 = Release|Any CPU
		{D3BCBDFB-2CCE-4AFB-B4CA-60CE1A5A3AB2}.Debug|Any CPU.ActiveCfg = Debug|Any CPU
		{D3BCBDFB-2CCE-4AFB-B4CA-60CE1A5A3AB2}.Debug|Any CPU.Build.0 = Debug|Any CPU
		{D3BCBDFB-2CCE-4AFB-B4CA-60CE1A5A3AB2}.Release|Any CPU.ActiveCfg = Release|Any CPU
		{D3BCBDFB-2CCE-4AFB-B4CA-60CE1A5A3AB2}.Release|Any CPU.Build.0 = Release|Any CPU
	EndGlobalSection
	GlobalSection(SolutionProperties) = preSolution
		HideSolutionNode = FALSE
	EndGlobalSection
	GlobalSection(NestedProjects) = preSolution
		{E86A0400-B6CF-401F-B16F-DD99A3833B0F} = {233F520B-DF1A-4A89-9267-8EA90D313D06}
		{6579C3E1-0FAE-4D1F-847B-61E0F14BD81A} = {233F520B-DF1A-4A89-9267-8EA90D313D06}
		{B1990708-3C60-42B6-A7DD-F47810B1D0B3} = {233F520B-DF1A-4A89-9267-8EA90D313D06}
		{6F0429F3-5C65-4C4D-84C2-7498F1DD2B28} = {13C182C9-852E-4320-9D41-D10DC92F2DF8}
		{7387452E-31E6-44BD-A4A3-A81585FDF149} = {233F520B-DF1A-4A89-9267-8EA90D313D06}
		{FB82C15F-5702-4C21-8A45-447E7C6179AC} = {233F520B-DF1A-4A89-9267-8EA90D313D06}
		{F50AFD70-EEAF-4605-A29E-40BCAAF2E1E8} = {233F520B-DF1A-4A89-9267-8EA90D313D06}
		{F94DEEFE-84EB-450D-B2E1-3D836274FA5D} = {233F520B-DF1A-4A89-9267-8EA90D313D06}
		{3676B3CA-2927-484F-924A-3DFAA2FEAC6A} = {233F520B-DF1A-4A89-9267-8EA90D313D06}
		{7C128703-CEE6-4386-BCE8-48150A761DE1} = {233F520B-DF1A-4A89-9267-8EA90D313D06}
		{B5EC3AC3-14B5-43A2-9D31-B59179896506} = {233F520B-DF1A-4A89-9267-8EA90D313D06}
		{D941004F-762B-4927-B1A0-3BAF7F1B93B8} = {233F520B-DF1A-4A89-9267-8EA90D313D06}
	EndGlobalSection
	GlobalSection(ExtensibilityGlobals) = postSolution
		SolutionGuid = {A2D3A563-3BF6-42B1-B7A9-7A7DCD842A2E}
	EndGlobalSection
EndGlobal
